
Microsoft Visual Studio Solution File, Format Version 12.00
# Visual Studio 15
Project("{FAE04EC0-301F-11D3-BF4B-00C04F79EFBC}") = "Assembly-CSharp", "Assembly-CSharp.csproj", "{77EA6886-F20F-932F-3EAB-D7BD084106B4}"
EndProject
Project("{FAE04EC0-301F-11D3-BF4B-00C04F79EFBC}") = "Assembly-CSharp-Editor", "Assembly-CSharp-Editor.csproj", "{B62B9972-A5A1-C915-E915-7FF8B4E303A7}"
EndProject
Global
	GlobalSection(SolutionConfigurationPlatforms) = preSolution
		Debug|Any CPU = Debug|Any CPU
		Release|Any CPU = Release|Any CPU
	EndGlobalSection
	GlobalSection(ProjectConfigurationPlatforms) = postSolution
		{77EA6886-F20F-932F-3EAB-D7BD084106B4}.Debug|Any CPU.ActiveCfg = Debug|Any CPU
		{77EA6886-F20F-932F-3EAB-D7BD084106B4}.Debug|Any CPU.Build.0 = Debug|Any CPU
		{77EA6886-F20F-932F-3EAB-D7BD084106B4}.Release|Any CPU.ActiveCfg = Release|Any CPU
		{77EA6886-F20F-932F-3EAB-D7BD084106B4}.Release|Any CPU.Build.0 = Release|Any CPU
		{B62B9972-A5A1-C915-E915-7FF8B4E303A7}.Debug|Any CPU.ActiveCfg = Debug|Any CPU
		{B62B9972-A5A1-C915-E915-7FF8B4E303A7}.Debug|Any CPU.Build.0 = Debug|Any CPU
		{B62B9972-A5A1-C915-E915-7FF8B4E303A7}.Release|Any CPU.ActiveCfg = Release|Any CPU
		{B62B9972-A5A1-C915-E915-7FF8B4E303A7}.Release|Any CPU.Build.0 = Release|Any CPU
	EndGlobalSection
	GlobalSection(SolutionProperties) = preSolution
		HideSolutionNode = FALSE
	EndGlobalSection
EndGlobal
